<?xml version="1.0" encoding="utf-8"?>
<Project ToolsVersion="4.0" xmlns:atg="http://atg.xbox.com" xmlns="http://schemas.microsoft.com/developer/msbuild/2003">
  <ItemGroup>
    <Filter Include="Resource Files">
      <UniqueIdentifier>{8e114980-c1a3-4ada-ad7c-83caadf5daeb}</UniqueIdentifier>
      <Extensions>rc;ico;cur;bmp;dlg;rc2;rct;bin;rgs;gif;jpg;jpeg;jpe</Extensions>
    </Filter>
    <Filter Include="DXUT">
      <UniqueIdentifier>{a43c5c25-0e86-4a20-b64a-883785ff74fd}</UniqueIdentifier>
    </Filter>
    <Filter Include="Shaders">
      <UniqueIdentifier>{2c3d4c8c-5d1a-459a-a05a-a4e4b608a44e}</UniqueIdentifier>
      <Extensions>fx;fxh;hlsl</Extensions>
    </Filter>
    <Filter Include="source">
      <UniqueIdentifier>{bf4d7444-f902-492a-acdc-bfb82f99c7ab}</UniqueIdentifier>
    </Filter>
    <Filter Include="include">
      <UniqueIdentifier>{a9c2cf38-19e4-4e94-a024-aaf54f7cae40}</UniqueIdentifier>
    </Filter>
    <Filter Include="include\imgui">
      <UniqueIdentifier>{dd9b59fb-f18a-4ae5-b6f1-bc72855c9fe8}</UniqueIdentifier>
    </Filter>
    <Filter Include="include\Engine Utilities">
      <UniqueIdentifier>{91107d98-9099-4377-84e9-f9940f7848e9}</UniqueIdentifier>
    </Filter>
    <Filter Include="include\Engine Utilities\Memory">
      <UniqueIdentifier>{492f7b42-027a-49e5-b790-35fb61c866a2}</UniqueIdentifier>
    </Filter>
    <Filter Include="include\Engine Utilities\Matrix">
      <UniqueIdentifier>{d0d7ca4b-d384-4d5f-aa86-e18a2e4bdbc0}</UniqueIdentifier>
    </Filter>
    <Filter Include="include\Engine Utilities\Structures">
      <UniqueIdentifier>{08ff3509-8b8f-4141-8a7c-f190752759d8}</UniqueIdentifier>
    </Filter>
    <Filter Include="include\Engine Utilities\Vectors">
      <UniqueIdentifier>{15438fd4-76ce-45cc-b568-09d437f4a00f}</UniqueIdentifier>
    </Filter>
    <Filter Include="include\Engine Utilities\Misc">
      <UniqueIdentifier>{0f80a234-ea24-4be0-999b-0931c100cf75}</UniqueIdentifier>
    </Filter>
    <Filter Include="include\ECS">
      <UniqueIdentifier>{75722369-41b0-4795-8209-8162bd9a8ce8}</UniqueIdentifier>
    </Filter>
    <Filter Include="source\ECS">
      <UniqueIdentifier>{27d1d4ae-838a-405c-b201-f18cead0d446}</UniqueIdentifier>
    </Filter>
  </ItemGroup>
  <ItemGroup>
    <ClInclude Include="include\Prerequisites.h">
      <Filter>include</Filter>
    </ClInclude>
    <ClInclude Include="include\Window.h">
      <Filter>include</Filter>
    </ClInclude>
    <ClInclude Include="include\BaseApp.h">
      <Filter>include</Filter>
    </ClInclude>
    <ClInclude Include="include\Device.h">
      <Filter>include</Filter>
    </ClInclude>
    <ClInclude Include="include\SwapChain.h">
      <Filter>include</Filter>
    </ClInclude>
    <ClInclude Include="include\DeviceContext.h">
      <Filter>include</Filter>
    </ClInclude>
    <ClInclude Include="include\Texture.h">
      <Filter>include</Filter>
    </ClInclude>
    <ClInclude Include="include\RenderTargetView.h">
      <Filter>include</Filter>
    </ClInclude>
    <ClInclude Include="include\DepthStencilView.h">
      <Filter>include</Filter>
    </ClInclude>
    <ClInclude Include="include\Viewport.h">
      <Filter>include</Filter>
    </ClInclude>
    <ClInclude Include="include\InputLayout.h">
      <Filter>include</Filter>
    </ClInclude>
    <ClInclude Include="include\ShaderProgram.h">
      <Filter>include</Filter>
    </ClInclude>
    <ClInclude Include="include\Buffer.h">
      <Filter>include</Filter>
    </ClInclude>
    <ClInclude Include="include\MeshComponent.h">
      <Filter>include</Filter>
    </ClInclude>
    <ClInclude Include="include\BlendState.h">
      <Filter>include</Filter>
    </ClInclude>
    <ClInclude Include="include\DepthStencilState.h">
      <Filter>include</Filter>
    </ClInclude>
    <ClInclude Include="include\ModelLoader.h">
      <Filter>include</Filter>
    </ClInclude>
    <ClInclude Include="include\OBJ_Loader.h">
      <Filter>include</Filter>
    </ClInclude>
    <ClInclude Include="Imgui\imgui-docking\imgui.h">
      <Filter>include\imgui</Filter>
    </ClInclude>
    <ClInclude Include="Imgui\imgui-docking\backends\imgui_impl_dx11.h">
      <Filter>include\imgui</Filter>
    </ClInclude>
    <ClInclude Include="Imgui\imgui-docking\backends\imgui_impl_win32.h">
      <Filter>include\imgui</Filter>
    </ClInclude>
    <ClInclude Include="Imgui\imgui-docking\imgui_internal.h">
      <Filter>include\imgui</Filter>
    </ClInclude>
    <ClInclude Include="Imgui\imgui-docking\imstb_rectpack.h">
      <Filter>include\imgui</Filter>
    </ClInclude>
    <ClInclude Include="Imgui\imgui-docking\imstb_textedit.h">
      <Filter>include\imgui</Filter>
    </ClInclude>
    <ClInclude Include="Imgui\imgui-docking\imstb_truetype.h">
      <Filter>include\imgui</Filter>
    </ClInclude>
    <ClInclude Include="Imgui\imgui-docking\imconfig.h">
      <Filter>include\imgui</Filter>
    </ClInclude>
    <ClInclude Include="include\UserInterface.h">
      <Filter>include</Filter>
    </ClInclude>
    <ClInclude Include="include\Engine Utilities\Memory\TSharedPointer.h">
      <Filter>include\Engine Utilities\Memory</Filter>
    </ClInclude>
    <ClInclude Include="include\Engine Utilities\Memory\TStaticPtr.h">
      <Filter>include\Engine Utilities\Memory</Filter>
    </ClInclude>
    <ClInclude Include="include\Engine Utilities\Memory\TUniquePtr.h">
      <Filter>include\Engine Utilities\Memory</Filter>
    </ClInclude>
    <ClInclude Include="include\Engine Utilities\Memory\TWeakPointer.h">
      <Filter>include\Engine Utilities\Memory</Filter>
    </ClInclude>
    <ClInclude Include="include\Engine Utilities\Matrix\Matrix2x2.h">
      <Filter>include\Engine Utilities\Matrix</Filter>
    </ClInclude>
    <ClInclude Include="include\Engine Utilities\Matrix\Matrix3x3.h">
      <Filter>include\Engine Utilities\Matrix</Filter>
    </ClInclude>
    <ClInclude Include="include\Engine Utilities\Matrix\Matrix4x4.h">
      <Filter>include\Engine Utilities\Matrix</Filter>
    </ClInclude>
    <ClInclude Include="include\Engine Utilities\Utilities\EngineMath.h">
      <Filter>include\Engine Utilities\Misc</Filter>
    </ClInclude>
    <ClInclude Include="include\Engine Utilities\Vectors\Quaternion.h">
      <Filter>include\Engine Utilities\Vectors</Filter>
    </ClInclude>
    <ClInclude Include="include\Engine Utilities\Vectors\Vector2.h">
      <Filter>include\Engine Utilities\Vectors</Filter>
    </ClInclude>
    <ClInclude Include="include\Engine Utilities\Vectors\Vector3.h">
      <Filter>include\Engine Utilities\Vectors</Filter>
    </ClInclude>
    <ClInclude Include="include\Engine Utilities\Vectors\Vector4.h">
      <Filter>include\Engine Utilities\Vectors</Filter>
    </ClInclude>
    <ClInclude Include="include\Engine Utilities\Structures\TArray.h">
      <Filter>include\Engine Utilities\Structures</Filter>
    </ClInclude>
    <ClInclude Include="include\Engine Utilities\Structures\TMap.h">
      <Filter>include\Engine Utilities\Structures</Filter>
    </ClInclude>
    <ClInclude Include="include\Engine Utilities\Structures\TPair.h">
      <Filter>include\Engine Utilities\Structures</Filter>
    </ClInclude>
    <ClInclude Include="include\Engine Utilities\Structures\TSet.h">
      <Filter>include\Engine Utilities\Structures</Filter>
    </ClInclude>
    <ClInclude Include="include\ECS\Component.h">
      <Filter>include\ECS</Filter>
    </ClInclude>
    <ClInclude Include="include\ECS\Entity.h">
      <Filter>include\ECS</Filter>
    </ClInclude>
    <ClInclude Include="include\ECS\Actor.h">
      <Filter>include\ECS</Filter>
    </ClInclude>
  </ItemGroup>
  <ItemGroup>
    <ClCompile Include="src\Window.cpp">
      <Filter>source</Filter>
    </ClCompile>
    <ClCompile Include="src\BaseApp.cpp">
      <Filter>source</Filter>
    </ClCompile>
    <ClCompile Include="src\Device.cpp">
      <Filter>source</Filter>
    </ClCompile>
    <ClCompile Include="src\SwapChain.cpp">
      <Filter>source</Filter>
    </ClCompile>
    <ClCompile Include="src\RenderTargetView.cpp">
      <Filter>source</Filter>
    </ClCompile>
    <ClCompile Include="src\DepthStencilView.cpp">
      <Filter>source</Filter>
    </ClCompile>
    <ClCompile Include="src\Texture.cpp">
      <Filter>source</Filter>
    </ClCompile>
    <ClCompile Include="src\DeviceContext.cpp">
      <Filter>source</Filter>
    </ClCompile>
    <ClCompile Include="src\Viewport.cpp">
      <Filter>source</Filter>
    </ClCompile>
    <ClCompile Include="src\InputLayout.cpp">
      <Filter>source</Filter>
    </ClCompile>
    <ClCompile Include="src\ShaderProgram.cpp">
      <Filter>source</Filter>
    </ClCompile>
    <ClCompile Include="src\Buffer.cpp">
      <Filter>source</Filter>
    </ClCompile>
    <ClCompile Include="src\BlendState.cpp">
      <Filter>source</Filter>
    </ClCompile>
    <ClCompile Include="src\DepthStencilState.cpp">
      <Filter>source</Filter>
    </ClCompile>
    <ClCompile Include="src\ModelLoader.cpp">
      <Filter>source</Filter>
    </ClCompile>
    <ClCompile Include="RabOneEngine.cpp">
      <Filter>source</Filter>
    </ClCompile>
    <ClCompile Include="Imgui\imgui-docking\imgui.cpp">
      <Filter>include\imgui</Filter>
    </ClCompile>
    <ClCompile Include="Imgui\imgui-docking\imgui_demo.cpp">
      <Filter>include\imgui</Filter>
    </ClCompile>
    <ClCompile Include="Imgui\imgui-docking\imgui_draw.cpp">
      <Filter>include\imgui</Filter>
    </ClCompile>
    <ClCompile Include="Imgui\imgui-docking\backends\imgui_impl_dx11.cpp">
      <Filter>include\imgui</Filter>
    </ClCompile>
    <ClCompile Include="Imgui\imgui-docking\backends\imgui_impl_win32.cpp">
      <Filter>include\imgui</Filter>
    </ClCompile>
    <ClCompile Include="Imgui\imgui-docking\imgui_tables.cpp">
      <Filter>include\imgui</Filter>
    </ClCompile>
    <ClCompile Include="Imgui\imgui-docking\imgui_widgets.cpp">
      <Filter>include\imgui</Filter>
    </ClCompile>
    <ClCompile Include="src\UserInterface.cpp">
      <Filter>source</Filter>
    </ClCompile>
    <ClCompile Include="src\ECS\Actor.cpp">
      <Filter>source\ECS</Filter>
    </ClCompile>
  </ItemGroup>
  <ItemGroup>
    <None Include="RabOneEngine.fx">
      <Filter>Shaders</Filter>
    </None>
  </ItemGroup>
  <ItemGroup>
    <CLInclude Include="resource.h">
      <Filter>Resource Files</Filter>
    </CLInclude>
    <ResourceCompile Include="RabOneEngine.rc">
      <Filter>Resource Files</Filter>
    </ResourceCompile>
  </ItemGroup>
  <ItemGroup>
  </ItemGroup>
</Project>